
Microsoft Visual Studio Solution File, Format Version 12.00
# Visual Studio Version 17
VisualStudioVersion = 17.11.35327.3
MinimumVisualStudioVersion = 10.0.40219.1
Project("{FAE04EC0-301F-11D3-BF4B-00C04F79EFBC}") = "AppData", "AppData\AppData.csproj", "{A5DA0F21-4B3C-4072-9E53-511F67178076}"
EndProject
Global
	GlobalSection(SolutionConfigurationPlatforms) = preSolution
		Debug|Any CPU = Debug|Any CPU
		Release|Any CPU = Release|Any CPU
	EndGlobalSection
	GlobalSection(ProjectConfigurationPlatforms) = postSolution
		{A5DA0F21-4B3C-4072-9E53-511F67178076}.Debug|Any CPU.ActiveCfg = Debug|Any CPU
		{A5DA0F21-4B3C-4072-9E53-511F67178076}.Debug|Any CPU.Build.0 = Debug|Any CPU
		{A5DA0F21-4B3C-4072-9E53-511F67178076}.Release|Any CPU.ActiveCfg = Release|Any CPU
		{A5DA0F21-4B3C-4072-9E53-511F67178076}.Release|Any CPU.Build.0 = Release|Any CPU
	EndGlobalSection
	GlobalSection(SolutionProperties) = preSolution
		HideSolutionNode = FALSE
	EndGlobalSection
	GlobalSection(ExtensibilityGlobals) = postSolution
		SolutionGuid = {D7FBE237-CC8C-46F6-AD44-F69914369EC0}
	EndGlobalSection
EndGlobal
